
Microsoft Visual Studio Solution File, Format Version 12.00
# Visual Studio Version 17
VisualStudioVersion = 17.4.33122.133
MinimumVisualStudioVersion = 10.0.40219.1
Project("{888888A0-9F3D-457C-B088-3A5042F75D52}") = "worm", "worm\worm.pyproj", "{6929EF5F-1683-4E0A-AFC2-F64E0CB65207}"
EndProject
Global
	GlobalSection(SolutionConfigurationPlatforms) = preSolution
		Debug|Any CPU = Debug|Any CPU
		Release|Any CPU = Release|Any CPU
	EndGlobalSection
	GlobalSection(ProjectConfigurationPlatforms) = postSolution
		{6929EF5F-1683-4E0A-AFC2-F64E0CB65207}.Debug|Any CPU.ActiveCfg = Debug|Any CPU
		{6929EF5F-1683-4E0A-AFC2-F64E0CB65207}.Release|Any CPU.ActiveCfg = Release|Any CPU
	EndGlobalSection
	GlobalSection(SolutionProperties) = preSolution
		HideSolutionNode = FALSE
	EndGlobalSection
	GlobalSection(ExtensibilityGlobals) = postSolution
		SolutionGuid = {F869E2E2-D1E7-4C52-B51F-5EE25CB44C2D}
	EndGlobalSection
EndGlobal
